
Microsoft Visual Studio Solution File, Format Version 12.00
# Visual Studio Version 17
VisualStudioVersion = 17.4.33213.308
MinimumVisualStudioVersion = 10.0.40219.1
Project("{2150E333-8FDC-42A3-9474-1A3956D46DE8}") = "Solution Items", "Solution Items", "{3DCAC502-2260-4E77-9898-700611EA6CFD}"
	ProjectSection(SolutionItems) = preProject
		README.md = README.md
	EndProjectSection
EndProject
Project("{9A19103F-16F7-4668-BE54-9A1E7A4F7556}") = "TwoCityScheduling", "Two City Scheduling\TwoCityScheduling.csproj", "{2E85FD6E-0C2C-4CBD-AE63-45DF38357144}"
EndProject
Global
	GlobalSection(SolutionConfigurationPlatforms) = preSolution
		Debug|Any CPU = Debug|Any CPU
		Release|Any CPU = Release|Any CPU
	EndGlobalSection
	GlobalSection(ProjectConfigurationPlatforms) = postSolution
		{2E85FD6E-0C2C-4CBD-AE63-45DF38357144}.Debug|Any CPU.ActiveCfg = Debug|Any CPU
		{2E85FD6E-0C2C-4CBD-AE63-45DF38357144}.Debug|Any CPU.Build.0 = Debug|Any CPU
		{2E85FD6E-0C2C-4CBD-AE63-45DF38357144}.Release|Any CPU.ActiveCfg = Release|Any CPU
		{2E85FD6E-0C2C-4CBD-AE63-45DF38357144}.Release|Any CPU.Build.0 = Release|Any CPU
	EndGlobalSection
	GlobalSection(SolutionProperties) = preSolution
		HideSolutionNode = FALSE
	EndGlobalSection
	GlobalSection(NestedProjects) = preSolution
		{2E85FD6E-0C2C-4CBD-AE63-45DF38357144} = {3DCAC502-2260-4E77-9898-700611EA6CFD}
	EndGlobalSection
	GlobalSection(ExtensibilityGlobals) = postSolution
		SolutionGuid = {A2891EAF-211E-437F-850A-2F974899C1F9}
	EndGlobalSection
EndGlobal
