
Microsoft Visual Studio Solution File, Format Version 12.00
# Visual Studio Version 17
VisualStudioVersion = 17.4.33213.308
MinimumVisualStudioVersion = 10.0.40219.1
Project("{FAE04EC0-301F-11D3-BF4B-00C04F79EFBC}") = "Best Time to Buy and Sell Stock", "Best Time to Buy and Sell Stock\Best Time to Buy and Sell Stock.csproj", "{E7E58C74-EA3E-44CD-B6E0-AC2EDFBF2BE2}"
EndProject
Project("{2150E333-8FDC-42A3-9474-1A3956D46DE8}") = "Solution Items", "Solution Items", "{C225065F-C9D9-4329-9457-D9811A935862}"
	ProjectSection(SolutionItems) = preProject
		README.md = README.md
	EndProjectSection
EndProject
Global
	GlobalSection(SolutionConfigurationPlatforms) = preSolution
		Debug|Any CPU = Debug|Any CPU
		Release|Any CPU = Release|Any CPU
	EndGlobalSection
	GlobalSection(ProjectConfigurationPlatforms) = postSolution
		{E7E58C74-EA3E-44CD-B6E0-AC2EDFBF2BE2}.Debug|Any CPU.ActiveCfg = Debug|Any CPU
		{E7E58C74-EA3E-44CD-B6E0-AC2EDFBF2BE2}.Debug|Any CPU.Build.0 = Debug|Any CPU
		{E7E58C74-EA3E-44CD-B6E0-AC2EDFBF2BE2}.Release|Any CPU.ActiveCfg = Release|Any CPU
		{E7E58C74-EA3E-44CD-B6E0-AC2EDFBF2BE2}.Release|Any CPU.Build.0 = Release|Any CPU
	EndGlobalSection
	GlobalSection(SolutionProperties) = preSolution
		HideSolutionNode = FALSE
	EndGlobalSection
	GlobalSection(ExtensibilityGlobals) = postSolution
		SolutionGuid = {7BBF5CD5-EFF3-47A9-9091-144A9F989F8C}
	EndGlobalSection
EndGlobal
