
Microsoft Visual Studio Solution File, Format Version 12.00
# Visual Studio Version 17
VisualStudioVersion = 17.4.33213.308
MinimumVisualStudioVersion = 10.0.40219.1
Project("{FAE04EC0-301F-11D3-BF4B-00C04F79EFBC}") = "Fibonacci", "Fibonacci\Fibonacci.csproj", "{9FA11CCA-846A-4D04-BFBB-4F385B05AD2E}"
EndProject
Global
	GlobalSection(SolutionConfigurationPlatforms) = preSolution
		Debug|Any CPU = Debug|Any CPU
		Release|Any CPU = Release|Any CPU
	EndGlobalSection
	GlobalSection(ProjectConfigurationPlatforms) = postSolution
		{9FA11CCA-846A-4D04-BFBB-4F385B05AD2E}.Debug|Any CPU.ActiveCfg = Debug|Any CPU
		{9FA11CCA-846A-4D04-BFBB-4F385B05AD2E}.Debug|Any CPU.Build.0 = Debug|Any CPU
		{9FA11CCA-846A-4D04-BFBB-4F385B05AD2E}.Release|Any CPU.ActiveCfg = Release|Any CPU
		{9FA11CCA-846A-4D04-BFBB-4F385B05AD2E}.Release|Any CPU.Build.0 = Release|Any CPU
	EndGlobalSection
	GlobalSection(SolutionProperties) = preSolution
		HideSolutionNode = FALSE
	EndGlobalSection
	GlobalSection(ExtensibilityGlobals) = postSolution
		SolutionGuid = {D31F76D4-9764-4791-BF18-7BFDA4E582DA}
	EndGlobalSection
EndGlobal
